
Microsoft Visual Studio Solution File, Format Version 12.00
# Visual Studio Version 16
VisualStudioVersion = 16.0.29926.136
MinimumVisualStudioVersion = 10.0.40219.1
Project("{FAE04EC0-301F-11D3-BF4B-00C04F79EFBC}") = "TankWar", "TankWar\TankWar.csproj", "{4411C149-985C-4A09-A817-DFD3E50427AB}"
EndProject
Global
	GlobalSection(SolutionConfigurationPlatforms) = preSolution
		Debug|Any CPU = Debug|Any CPU
		Release|Any CPU = Release|Any CPU
	EndGlobalSection
	GlobalSection(ProjectConfigurationPlatforms) = postSolution
		{4411C149-985C-4A09-A817-DFD3E50427AB}.Debug|Any CPU.ActiveCfg = Debug|Any CPU
		{4411C149-985C-4A09-A817-DFD3E50427AB}.Debug|Any CPU.Build.0 = Debug|Any CPU
		{4411C149-985C-4A09-A817-DFD3E50427AB}.Release|Any CPU.ActiveCfg = Release|Any CPU
		{4411C149-985C-4A09-A817-DFD3E50427AB}.Release|Any CPU.Build.0 = Release|Any CPU
	EndGlobalSection
	GlobalSection(SolutionProperties) = preSolution
		HideSolutionNode = FALSE
	EndGlobalSection
	GlobalSection(ExtensibilityGlobals) = postSolution
		SolutionGuid = {2E4F4B28-55F4-4C06-9231-765F62D3E007}
	EndGlobalSection
EndGlobal
